// !$*UTF8*$!
{
	archiveVersion = 1;
	classes = {
	};
	objectVersion = 50;
	objects = {

/* Begin PBXBuildFile section */
		8E1FA234266BF44E00226271 /* TripInfoView.swift in Sources */ = {isa = PBXBuildFile; fileRef = 8E1FA233266BF44E00226271 /* TripInfoView.swift */; };
		8E1FA237266C106A00226271 /* ApiType.swift in Sources */ = {isa = PBXBuildFile; fileRef = 8E1FA236266C106A00226271 /* ApiType.swift */; };
		8E1FA239266C130400226271 /* Fetcher.swift in Sources */ = {isa = PBXBuildFile; fileRef = 8E1FA238266C130400226271 /* Fetcher.swift */; };
		8E1FA23B266CEE3F00226271 /* Trip.swift in Sources */ = {isa = PBXBuildFile; fileRef = 8E1FA23A266CEE3F00226271 /* Trip.swift */; };
		8E2CA7872618F1A20009D572 /* PlaceSelectionView.swift in Sources */ = {isa = PBXBuildFile; fileRef = 8E2CA7862618F1A20009D572 /* PlaceSelectionView.swift */; };
		8E2CA7DB26190CD30009D572 /* Place.swift in Sources */ = {isa = PBXBuildFile; fileRef = 8E2CA7DA26190CD30009D572 /* Place.swift */; };
		8E50CE6C25F3828B00346C08 /* AppDelegate.swift in Sources */ = {isa = PBXBuildFile; fileRef = 8E50CE6B25F3828B00346C08 /* AppDelegate.swift */; };
		8E50CE6E25F3828B00346C08 /* SceneDelegate.swift in Sources */ = {isa = PBXBuildFile; fileRef = 8E50CE6D25F3828B00346C08 /* SceneDelegate.swift */; };
		8E50CE7025F3828B00346C08 /* ContentView.swift in Sources */ = {isa = PBXBuildFile; fileRef = 8E50CE6F25F3828B00346C08 /* ContentView.swift */; };
		8E50CE7225F3829700346C08 /* Assets.xcassets in Resources */ = {isa = PBXBuildFile; fileRef = 8E50CE7125F3829700346C08 /* Assets.xcassets */; };
		8E50CE7525F3829700346C08 /* Preview Assets.xcassets in Resources */ = {isa = PBXBuildFile; fileRef = 8E50CE7425F3829700346C08 /* Preview Assets.xcassets */; };
		8E50CE7825F3829700346C08 /* LaunchScreen.storyboard in Resources */ = {isa = PBXBuildFile; fileRef = 8E50CE7625F3829700346C08 /* LaunchScreen.storyboard */; };
		8E50CE8325F3829700346C08 /* TriperTests.swift in Sources */ = {isa = PBXBuildFile; fileRef = 8E50CE8225F3829700346C08 /* TriperTests.swift */; };
		8E50CE8E25F3829700346C08 /* TriperUITests.swift in Sources */ = {isa = PBXBuildFile; fileRef = 8E50CE8D25F3829700346C08 /* TriperUITests.swift */; };
		8E5B2EC1265AC6DF00D3032A /* VistiOrder.swift in Sources */ = {isa = PBXBuildFile; fileRef = 8E5B2EC0265AC6DF00D3032A /* VistiOrder.swift */; };
		8E5B2EC3265ACFA100D3032A /* TripPlanner.swift in Sources */ = {isa = PBXBuildFile; fileRef = 8E5B2EC2265ACFA100D3032A /* TripPlanner.swift */; };
		8E5B2EC6265AD6BA00D3032A /* TripMapViewModel.swift in Sources */ = {isa = PBXBuildFile; fileRef = 8E5B2EC5265AD6BA00D3032A /* TripMapViewModel.swift */; };
		8E5B2EC8265AD6D800D3032A /* TripMapView.swift in Sources */ = {isa = PBXBuildFile; fileRef = 8E5B2EC7265AD6D800D3032A /* TripMapView.swift */; };
		8E5B2ECA265AD8A700D3032A /* MapView.swift in Sources */ = {isa = PBXBuildFile; fileRef = 8E5B2EC9265AD8A700D3032A /* MapView.swift */; };
		8E5B2ECD265D641F00D3032A /* TripPreviewView.swift in Sources */ = {isa = PBXBuildFile; fileRef = 8E5B2ECC265D641F00D3032A /* TripPreviewView.swift */; };
		8E5B2ECF265D64E600D3032A /* PlaceListView.swift in Sources */ = {isa = PBXBuildFile; fileRef = 8E5B2ECE265D64E600D3032A /* PlaceListView.swift */; };
		8E81229925F3B81F00BE0448 /* CompassView.swift in Sources */ = {isa = PBXBuildFile; fileRef = 8E81229825F3B81F00BE0448 /* CompassView.swift */; };
		8E81229E25F3FC2400BE0448 /* CompasViewModel.swift in Sources */ = {isa = PBXBuildFile; fileRef = 8E81229D25F3FC2400BE0448 /* CompasViewModel.swift */; };
		8E8E0871264DA74A00AD0170 /* LocationService.swift in Sources */ = {isa = PBXBuildFile; fileRef = 8E8E0870264DA74A00AD0170 /* LocationService.swift */; };
		8E8E0876264EEFAC00AD0170 /* SearchBar.swift in Sources */ = {isa = PBXBuildFile; fileRef = 8E8E0875264EEFAC00AD0170 /* SearchBar.swift */; };
		8E8E087B264EF22F00AD0170 /* NewTripViewModel.swift in Sources */ = {isa = PBXBuildFile; fileRef = 8E8E087A264EF22F00AD0170 /* NewTripViewModel.swift */; };
		8E8E08922658EF1C00AD0170 /* PlaceSelectionViewModel.swift in Sources */ = {isa = PBXBuildFile; fileRef = 8E8E08912658EF1C00AD0170 /* PlaceSelectionViewModel.swift */; };
		8EA08083260E988800C85F54 /* TripsView.swift in Sources */ = {isa = PBXBuildFile; fileRef = 8EA08082260E988800C85F54 /* TripsView.swift */; };
		8EA08088260E989B00C85F54 /* MyTripsView.swift in Sources */ = {isa = PBXBuildFile; fileRef = 8EA08087260E989B00C85F54 /* MyTripsView.swift */; };
		8EA08093260E98D800C85F54 /* NewTripView.swift in Sources */ = {isa = PBXBuildFile; fileRef = 8EA08092260E98D800C85F54 /* NewTripView.swift */; };
		8EA080992610B7EE00C85F54 /* PlacePreviewView.swift in Sources */ = {isa = PBXBuildFile; fileRef = 8EA080982610B7EE00C85F54 /* PlacePreviewView.swift */; };
		8EA080A22610B99200C85F54 /* PlacesCollectionLayout.swift in Sources */ = {isa = PBXBuildFile; fileRef = 8EA080A12610B99200C85F54 /* PlacesCollectionLayout.swift */; };
		8EA080A72610B9E600C85F54 /* PlacesCollectionView.swift in Sources */ = {isa = PBXBuildFile; fileRef = 8EA080A62610B9E600C85F54 /* PlacesCollectionView.swift */; };
		8EA080AC2610BA2800C85F54 /* PlaceViewCell.swift in Sources */ = {isa = PBXBuildFile; fileRef = 8EA080AB2610BA2800C85F54 /* PlaceViewCell.swift */; };
		8EA162722659312500857FC2 /* CompassLoading.swift in Sources */ = {isa = PBXBuildFile; fileRef = 8EA162712659312500857FC2 /* CompassLoading.swift */; };
		8EDFD38226023A1A00C619B5 /* HomeView.swift in Sources */ = {isa = PBXBuildFile; fileRef = 8EDFD38126023A1A00C619B5 /* HomeView.swift */; };
/* End PBXBuildFile section */

/* Begin PBXContainerItemProxy section */
		8E50CE7F25F3829700346C08 /* PBXContainerItemProxy */ = {
			isa = PBXContainerItemProxy;
			containerPortal = 8E50CE6025F3828B00346C08 /* Project object */;
			proxyType = 1;
			remoteGlobalIDString = 8E50CE6725F3828B00346C08;
			remoteInfo = Triper;
		};
		8E50CE8A25F3829700346C08 /* PBXContainerItemProxy */ = {
			isa = PBXContainerItemProxy;
			containerPortal = 8E50CE6025F3828B00346C08 /* Project object */;
			proxyType = 1;
			remoteGlobalIDString = 8E50CE6725F3828B00346C08;
			remoteInfo = Triper;
		};
/* End PBXContainerItemProxy section */

/* Begin PBXFileReference section */
		8E1FA233266BF44E00226271 /* TripInfoView.swift */ = {isa = PBXFileReference; lastKnownFileType = sourcecode.swift; path = TripInfoView.swift; sourceTree = "<group>"; };
		8E1FA236266C106A00226271 /* ApiType.swift */ = {isa = PBXFileReference; lastKnownFileType = sourcecode.swift; path = ApiType.swift; sourceTree = "<group>"; };
		8E1FA238266C130400226271 /* Fetcher.swift */ = {isa = PBXFileReference; lastKnownFileType = sourcecode.swift; path = Fetcher.swift; sourceTree = "<group>"; };
		8E1FA23A266CEE3F00226271 /* Trip.swift */ = {isa = PBXFileReference; lastKnownFileType = sourcecode.swift; path = Trip.swift; sourceTree = "<group>"; };
		8E2CA7862618F1A20009D572 /* PlaceSelectionView.swift */ = {isa = PBXFileReference; lastKnownFileType = sourcecode.swift; path = PlaceSelectionView.swift; sourceTree = "<group>"; };
		8E2CA7DA26190CD30009D572 /* Place.swift */ = {isa = PBXFileReference; lastKnownFileType = sourcecode.swift; path = Place.swift; sourceTree = "<group>"; };
		8E50CE6825F3828B00346C08 /* Triper.app */ = {isa = PBXFileReference; explicitFileType = wrapper.application; includeInIndex = 0; path = Triper.app; sourceTree = BUILT_PRODUCTS_DIR; };
		8E50CE6B25F3828B00346C08 /* AppDelegate.swift */ = {isa = PBXFileReference; lastKnownFileType = sourcecode.swift; path = AppDelegate.swift; sourceTree = "<group>"; };
		8E50CE6D25F3828B00346C08 /* SceneDelegate.swift */ = {isa = PBXFileReference; lastKnownFileType = sourcecode.swift; path = SceneDelegate.swift; sourceTree = "<group>"; };
		8E50CE6F25F3828B00346C08 /* ContentView.swift */ = {isa = PBXFileReference; lastKnownFileType = sourcecode.swift; path = ContentView.swift; sourceTree = "<group>"; };
		8E50CE7125F3829700346C08 /* Assets.xcassets */ = {isa = PBXFileReference; lastKnownFileType = folder.assetcatalog; path = Assets.xcassets; sourceTree = "<group>"; };
		8E50CE7425F3829700346C08 /* Preview Assets.xcassets */ = {isa = PBXFileReference; lastKnownFileType = folder.assetcatalog; path = "Preview Assets.xcassets"; sourceTree = "<group>"; };
		8E50CE7725F3829700346C08 /* Base */ = {isa = PBXFileReference; lastKnownFileType = file.storyboard; name = Base; path = Base.lproj/LaunchScreen.storyboard; sourceTree = "<group>"; };
		8E50CE7925F3829700346C08 /* Info.plist */ = {isa = PBXFileReference; lastKnownFileType = text.plist.xml; path = Info.plist; sourceTree = "<group>"; };
		8E50CE7E25F3829700346C08 /* TriperTests.xctest */ = {isa = PBXFileReference; explicitFileType = wrapper.cfbundle; includeInIndex = 0; path = TriperTests.xctest; sourceTree = BUILT_PRODUCTS_DIR; };
		8E50CE8225F3829700346C08 /* TriperTests.swift */ = {isa = PBXFileReference; lastKnownFileType = sourcecode.swift; path = TriperTests.swift; sourceTree = "<group>"; };
		8E50CE8425F3829700346C08 /* Info.plist */ = {isa = PBXFileReference; lastKnownFileType = text.plist.xml; path = Info.plist; sourceTree = "<group>"; };
		8E50CE8925F3829700346C08 /* TriperUITests.xctest */ = {isa = PBXFileReference; explicitFileType = wrapper.cfbundle; includeInIndex = 0; path = TriperUITests.xctest; sourceTree = BUILT_PRODUCTS_DIR; };
		8E50CE8D25F3829700346C08 /* TriperUITests.swift */ = {isa = PBXFileReference; lastKnownFileType = sourcecode.swift; path = TriperUITests.swift; sourceTree = "<group>"; };
		8E50CE8F25F3829700346C08 /* Info.plist */ = {isa = PBXFileReference; lastKnownFileType = text.plist.xml; path = Info.plist; sourceTree = "<group>"; };
		8E5B2EC0265AC6DF00D3032A /* VistiOrder.swift */ = {isa = PBXFileReference; lastKnownFileType = sourcecode.swift; path = VistiOrder.swift; sourceTree = "<group>"; };
		8E5B2EC2265ACFA100D3032A /* TripPlanner.swift */ = {isa = PBXFileReference; lastKnownFileType = sourcecode.swift; path = TripPlanner.swift; sourceTree = "<group>"; };
		8E5B2EC5265AD6BA00D3032A /* TripMapViewModel.swift */ = {isa = PBXFileReference; lastKnownFileType = sourcecode.swift; path = TripMapViewModel.swift; sourceTree = "<group>"; };
		8E5B2EC7265AD6D800D3032A /* TripMapView.swift */ = {isa = PBXFileReference; lastKnownFileType = sourcecode.swift; path = TripMapView.swift; sourceTree = "<group>"; };
		8E5B2EC9265AD8A700D3032A /* MapView.swift */ = {isa = PBXFileReference; lastKnownFileType = sourcecode.swift; path = MapView.swift; sourceTree = "<group>"; };
		8E5B2ECC265D641F00D3032A /* TripPreviewView.swift */ = {isa = PBXFileReference; lastKnownFileType = sourcecode.swift; path = TripPreviewView.swift; sourceTree = "<group>"; };
		8E5B2ECE265D64E600D3032A /* PlaceListView.swift */ = {isa = PBXFileReference; lastKnownFileType = sourcecode.swift; path = PlaceListView.swift; sourceTree = "<group>"; };
		8E81229825F3B81F00BE0448 /* CompassView.swift */ = {isa = PBXFileReference; lastKnownFileType = sourcecode.swift; path = CompassView.swift; sourceTree = "<group>"; };
		8E81229D25F3FC2400BE0448 /* CompasViewModel.swift */ = {isa = PBXFileReference; lastKnownFileType = sourcecode.swift; path = CompasViewModel.swift; sourceTree = "<group>"; };
		8E8E0870264DA74A00AD0170 /* LocationService.swift */ = {isa = PBXFileReference; lastKnownFileType = sourcecode.swift; path = LocationService.swift; sourceTree = "<group>"; };
		8E8E0875264EEFAC00AD0170 /* SearchBar.swift */ = {isa = PBXFileReference; lastKnownFileType = sourcecode.swift; path = SearchBar.swift; sourceTree = "<group>"; };
		8E8E087A264EF22F00AD0170 /* NewTripViewModel.swift */ = {isa = PBXFileReference; lastKnownFileType = sourcecode.swift; path = NewTripViewModel.swift; sourceTree = "<group>"; };
		8E8E08912658EF1C00AD0170 /* PlaceSelectionViewModel.swift */ = {isa = PBXFileReference; lastKnownFileType = sourcecode.swift; path = PlaceSelectionViewModel.swift; sourceTree = "<group>"; };
		8EA08082260E988800C85F54 /* TripsView.swift */ = {isa = PBXFileReference; lastKnownFileType = sourcecode.swift; path = TripsView.swift; sourceTree = "<group>"; };
		8EA08087260E989B00C85F54 /* MyTripsView.swift */ = {isa = PBXFileReference; lastKnownFileType = sourcecode.swift; path = MyTripsView.swift; sourceTree = "<group>"; };
		8EA08092260E98D800C85F54 /* NewTripView.swift */ = {isa = PBXFileReference; lastKnownFileType = sourcecode.swift; path = NewTripView.swift; sourceTree = "<group>"; };
		8EA080982610B7EE00C85F54 /* PlacePreviewView.swift */ = {isa = PBXFileReference; lastKnownFileType = sourcecode.swift; path = PlacePreviewView.swift; sourceTree = "<group>"; };
		8EA080A12610B99200C85F54 /* PlacesCollectionLayout.swift */ = {isa = PBXFileReference; lastKnownFileType = sourcecode.swift; path = PlacesCollectionLayout.swift; sourceTree = "<group>"; };
		8EA080A62610B9E600C85F54 /* PlacesCollectionView.swift */ = {isa = PBXFileReference; lastKnownFileType = sourcecode.swift; path = PlacesCollectionView.swift; sourceTree = "<group>"; };
		8EA080AB2610BA2800C85F54 /* PlaceViewCell.swift */ = {isa = PBXFileReference; lastKnownFileType = sourcecode.swift; path = PlaceViewCell.swift; sourceTree = "<group>"; };
		8EA162712659312500857FC2 /* CompassLoading.swift */ = {isa = PBXFileReference; lastKnownFileType = sourcecode.swift; path = CompassLoading.swift; sourceTree = "<group>"; };
		8EDFD38126023A1A00C619B5 /* HomeView.swift */ = {isa = PBXFileReference; lastKnownFileType = sourcecode.swift; path = HomeView.swift; sourceTree = "<group>"; };
/* End PBXFileReference section */

/* Begin PBXFrameworksBuildPhase section */
		8E50CE6525F3828B00346C08 /* Frameworks */ = {
			isa = PBXFrameworksBuildPhase;
			buildActionMask = 2147483647;
			files = (
			);
			runOnlyForDeploymentPostprocessing = 0;
		};
		8E50CE7B25F3829700346C08 /* Frameworks */ = {
			isa = PBXFrameworksBuildPhase;
			buildActionMask = 2147483647;
			files = (
			);
			runOnlyForDeploymentPostprocessing = 0;
		};
		8E50CE8625F3829700346C08 /* Frameworks */ = {
			isa = PBXFrameworksBuildPhase;
			buildActionMask = 2147483647;
			files = (
			);
			runOnlyForDeploymentPostprocessing = 0;
		};
/* End PBXFrameworksBuildPhase section */

/* Begin PBXGroup section */
		8E1FA235266C104000226271 /* Api */ = {
			isa = PBXGroup;
			children = (
				8E1FA236266C106A00226271 /* ApiType.swift */,
				8E1FA238266C130400226271 /* Fetcher.swift */,
			);
			path = Api;
			sourceTree = "<group>";
		};
		8E2CA7852618F1620009D572 /* PlaceSelection */ = {
			isa = PBXGroup;
			children = (
				8E2CA7862618F1A20009D572 /* PlaceSelectionView.swift */,
				8E2CA7DA26190CD30009D572 /* Place.swift */,
				8E8E0870264DA74A00AD0170 /* LocationService.swift */,
				8E8E0875264EEFAC00AD0170 /* SearchBar.swift */,
				8E8E08912658EF1C00AD0170 /* PlaceSelectionViewModel.swift */,
			);
			path = PlaceSelection;
			sourceTree = "<group>";
		};
		8E50CE5F25F3828B00346C08 = {
			isa = PBXGroup;
			children = (
				8E50CE6A25F3828B00346C08 /* Triper */,
				8E50CE8125F3829700346C08 /* TriperTests */,
				8E50CE8C25F3829700346C08 /* TriperUITests */,
				8E50CE6925F3828B00346C08 /* Products */,
			);
			sourceTree = "<group>";
		};
		8E50CE6925F3828B00346C08 /* Products */ = {
			isa = PBXGroup;
			children = (
				8E50CE6825F3828B00346C08 /* Triper.app */,
				8E50CE7E25F3829700346C08 /* TriperTests.xctest */,
				8E50CE8925F3829700346C08 /* TriperUITests.xctest */,
			);
			name = Products;
			sourceTree = "<group>";
		};
		8E50CE6A25F3828B00346C08 /* Triper */ = {
			isa = PBXGroup;
			children = (
				8E1FA235266C104000226271 /* Api */,
				8EDFD37C260239C700C619B5 /* Feature */,
				8EA080972610B7D900C85F54 /* UIComponents */,
				8E50CE6B25F3828B00346C08 /* AppDelegate.swift */,
				8E50CE6D25F3828B00346C08 /* SceneDelegate.swift */,
				8E50CE6F25F3828B00346C08 /* ContentView.swift */,
				8E50CE7125F3829700346C08 /* Assets.xcassets */,
				8E50CE7625F3829700346C08 /* LaunchScreen.storyboard */,
				8E50CE7925F3829700346C08 /* Info.plist */,
				8E50CE7325F3829700346C08 /* Preview Content */,
			);
			path = Triper;
			sourceTree = "<group>";
		};
		8E50CE7325F3829700346C08 /* Preview Content */ = {
			isa = PBXGroup;
			children = (
				8E50CE7425F3829700346C08 /* Preview Assets.xcassets */,
			);
			path = "Preview Content";
			sourceTree = "<group>";
		};
		8E50CE8125F3829700346C08 /* TriperTests */ = {
			isa = PBXGroup;
			children = (
				8E50CE8225F3829700346C08 /* TriperTests.swift */,
				8E50CE8425F3829700346C08 /* Info.plist */,
			);
			path = TriperTests;
			sourceTree = "<group>";
		};
		8E50CE8C25F3829700346C08 /* TriperUITests */ = {
			isa = PBXGroup;
			children = (
				8E50CE8D25F3829700346C08 /* TriperUITests.swift */,
				8E50CE8F25F3829700346C08 /* Info.plist */,
			);
			path = TriperUITests;
			sourceTree = "<group>";
		};
		8E5B2EC4265AD69000D3032A /* TripMap */ = {
			isa = PBXGroup;
			children = (
				8E5B2EC5265AD6BA00D3032A /* TripMapViewModel.swift */,
				8E5B2EC7265AD6D800D3032A /* TripMapView.swift */,
				8E5B2EC9265AD8A700D3032A /* MapView.swift */,
				8E5B2EC2265ACFA100D3032A /* TripPlanner.swift */,
				8E1FA23A266CEE3F00226271 /* Trip.swift */,
			);
			path = TripMap;
			sourceTree = "<group>";
		};
		8E5B2ECB265D640B00D3032A /* TripPreview */ = {
			isa = PBXGroup;
			children = (
				8E5B2ECC265D641F00D3032A /* TripPreviewView.swift */,
			);
			path = TripPreview;
			sourceTree = "<group>";
		};
		8EA080972610B7D900C85F54 /* UIComponents */ = {
			isa = PBXGroup;
			children = (
				8E81229D25F3FC2400BE0448 /* CompasViewModel.swift */,
				8E81229825F3B81F00BE0448 /* CompassView.swift */,
				8EA080A02610B94000C85F54 /* PlacesCollection */,
				8EA080982610B7EE00C85F54 /* PlacePreviewView.swift */,
				8EA162712659312500857FC2 /* CompassLoading.swift */,
				8E5B2ECE265D64E600D3032A /* PlaceListView.swift */,
				8E1FA233266BF44E00226271 /* TripInfoView.swift */,
			);
			path = UIComponents;
			sourceTree = "<group>";
		};
		8EA080A02610B94000C85F54 /* PlacesCollection */ = {
			isa = PBXGroup;
			children = (
				8EA080A12610B99200C85F54 /* PlacesCollectionLayout.swift */,
				8EA080A62610B9E600C85F54 /* PlacesCollectionView.swift */,
				8EA080AB2610BA2800C85F54 /* PlaceViewCell.swift */,
			);
			path = PlacesCollection;
			sourceTree = "<group>";
		};
		8EDFD37C260239C700C619B5 /* Feature */ = {
			isa = PBXGroup;
			children = (
				8E5B2ECB265D640B00D3032A /* TripPreview */,
				8E5B2EC4265AD69000D3032A /* TripMap */,
				8E2CA7852618F1620009D572 /* PlaceSelection */,
				8EDFD380260239F000C619B5 /* Trips */,
				8EDFD37F260239E800C619B5 /* MyTrips */,
				8EDFD37E260239DA00C619B5 /* NewTrip */,
				8EDFD37D260239D000C619B5 /* Home */,
			);
			path = Feature;
			sourceTree = "<group>";
		};
		8EDFD37D260239D000C619B5 /* Home */ = {
			isa = PBXGroup;
			children = (
				8EDFD38126023A1A00C619B5 /* HomeView.swift */,
			);
			path = Home;
			sourceTree = "<group>";
		};
		8EDFD37E260239DA00C619B5 /* NewTrip */ = {
			isa = PBXGroup;
			children = (
				8E5B2EC0265AC6DF00D3032A /* VistiOrder.swift */,
				8EA08092260E98D800C85F54 /* NewTripView.swift */,
				8E8E087A264EF22F00AD0170 /* NewTripViewModel.swift */,
			);
			path = NewTrip;
			sourceTree = "<group>";
		};
		8EDFD37F260239E800C619B5 /* MyTrips */ = {
			isa = PBXGroup;
			children = (
				8EA08087260E989B00C85F54 /* MyTripsView.swift */,
			);
			path = MyTrips;
			sourceTree = "<group>";
		};
		8EDFD380260239F000C619B5 /* Trips */ = {
			isa = PBXGroup;
			children = (
				8EA08082260E988800C85F54 /* TripsView.swift */,
			);
			path = Trips;
			sourceTree = "<group>";
		};
/* End PBXGroup section */

/* Begin PBXNativeTarget section */
		8E50CE6725F3828B00346C08 /* Triper */ = {
			isa = PBXNativeTarget;
			buildConfigurationList = 8E50CE9225F3829700346C08 /* Build configuration list for PBXNativeTarget "Triper" */;
			buildPhases = (
				8E50CE6425F3828B00346C08 /* Sources */,
				8E50CE6525F3828B00346C08 /* Frameworks */,
				8E50CE6625F3828B00346C08 /* Resources */,
			);
			buildRules = (
			);
			dependencies = (
			);
			name = Triper;
			packageProductDependencies = (
			);
			productName = Triper;
			productReference = 8E50CE6825F3828B00346C08 /* Triper.app */;
			productType = "com.apple.product-type.application";
		};
		8E50CE7D25F3829700346C08 /* TriperTests */ = {
			isa = PBXNativeTarget;
			buildConfigurationList = 8E50CE9525F3829700346C08 /* Build configuration list for PBXNativeTarget "TriperTests" */;
			buildPhases = (
				8E50CE7A25F3829700346C08 /* Sources */,
				8E50CE7B25F3829700346C08 /* Frameworks */,
				8E50CE7C25F3829700346C08 /* Resources */,
			);
			buildRules = (
			);
			dependencies = (
				8E50CE8025F3829700346C08 /* PBXTargetDependency */,
			);
			name = TriperTests;
			productName = TriperTests;
			productReference = 8E50CE7E25F3829700346C08 /* TriperTests.xctest */;
			productType = "com.apple.product-type.bundle.unit-test";
		};
		8E50CE8825F3829700346C08 /* TriperUITests */ = {
			isa = PBXNativeTarget;
			buildConfigurationList = 8E50CE9825F3829700346C08 /* Build configuration list for PBXNativeTarget "TriperUITests" */;
			buildPhases = (
				8E50CE8525F3829700346C08 /* Sources */,
				8E50CE8625F3829700346C08 /* Frameworks */,
				8E50CE8725F3829700346C08 /* Resources */,
			);
			buildRules = (
			);
			dependencies = (
				8E50CE8B25F3829700346C08 /* PBXTargetDependency */,
			);
			name = TriperUITests;
			productName = TriperUITests;
			productReference = 8E50CE8925F3829700346C08 /* TriperUITests.xctest */;
			productType = "com.apple.product-type.bundle.ui-testing";
		};
/* End PBXNativeTarget section */

/* Begin PBXProject section */
		8E50CE6025F3828B00346C08 /* Project object */ = {
			isa = PBXProject;
			attributes = {
				LastSwiftUpdateCheck = 1240;
				LastUpgradeCheck = 1240;
				TargetAttributes = {
					8E50CE6725F3828B00346C08 = {
						CreatedOnToolsVersion = 12.4;
					};
					8E50CE7D25F3829700346C08 = {
						CreatedOnToolsVersion = 12.4;
						TestTargetID = 8E50CE6725F3828B00346C08;
					};
					8E50CE8825F3829700346C08 = {
						CreatedOnToolsVersion = 12.4;
						TestTargetID = 8E50CE6725F3828B00346C08;
					};
				};
			};
			buildConfigurationList = 8E50CE6325F3828B00346C08 /* Build configuration list for PBXProject "Triper" */;
			compatibilityVersion = "Xcode 9.3";
			developmentRegion = en;
			hasScannedForEncodings = 0;
			knownRegions = (
				en,
				Base,
			);
			mainGroup = 8E50CE5F25F3828B00346C08;
			packageReferences = (
			);
			productRefGroup = 8E50CE6925F3828B00346C08 /* Products */;
			projectDirPath = "";
			projectRoot = "";
			targets = (
				8E50CE6725F3828B00346C08 /* Triper */,
				8E50CE7D25F3829700346C08 /* TriperTests */,
				8E50CE8825F3829700346C08 /* TriperUITests */,
			);
		};
/* End PBXProject section */

/* Begin PBXResourcesBuildPhase section */
		8E50CE6625F3828B00346C08 /* Resources */ = {
			isa = PBXResourcesBuildPhase;
			buildActionMask = 2147483647;
			files = (
				8E50CE7825F3829700346C08 /* LaunchScreen.storyboard in Resources */,
				8E50CE7525F3829700346C08 /* Preview Assets.xcassets in Resources */,
				8E50CE7225F3829700346C08 /* Assets.xcassets in Resources */,
			);
			runOnlyForDeploymentPostprocessing = 0;
		};
		8E50CE7C25F3829700346C08 /* Resources */ = {
			isa = PBXResourcesBuildPhase;
			buildActionMask = 2147483647;
			files = (
			);
			runOnlyForDeploymentPostprocessing = 0;
		};
		8E50CE8725F3829700346C08 /* Resources */ = {
			isa = PBXResourcesBuildPhase;
			buildActionMask = 2147483647;
			files = (
			);
			runOnlyForDeploymentPostprocessing = 0;
		};
/* End PBXResourcesBuildPhase section */

/* Begin PBXSourcesBuildPhase section */
		8E50CE6425F3828B00346C08 /* Sources */ = {
			isa = PBXSourcesBuildPhase;
			buildActionMask = 2147483647;
			files = (
				8E5B2ECD265D641F00D3032A /* TripPreviewView.swift in Sources */,
				8E5B2EC6265AD6BA00D3032A /* TripMapViewModel.swift in Sources */,
				8EA08093260E98D800C85F54 /* NewTripView.swift in Sources */,
				8E5B2EC3265ACFA100D3032A /* TripPlanner.swift in Sources */,
				8E5B2EC8265AD6D800D3032A /* TripMapView.swift in Sources */,
				8E81229E25F3FC2400BE0448 /* CompasViewModel.swift in Sources */,
				8E8E08922658EF1C00AD0170 /* PlaceSelectionViewModel.swift in Sources */,
				8E8E087B264EF22F00AD0170 /* NewTripViewModel.swift in Sources */,
				8EA080AC2610BA2800C85F54 /* PlaceViewCell.swift in Sources */,
				8EA080992610B7EE00C85F54 /* PlacePreviewView.swift in Sources */,
				8E2CA7872618F1A20009D572 /* PlaceSelectionView.swift in Sources */,
				8EA080A72610B9E600C85F54 /* PlacesCollectionView.swift in Sources */,
				8E5B2ECF265D64E600D3032A /* PlaceListView.swift in Sources */,
				8E50CE6C25F3828B00346C08 /* AppDelegate.swift in Sources */,
				8E5B2ECA265AD8A700D3032A /* MapView.swift in Sources */,
				8EDFD38226023A1A00C619B5 /* HomeView.swift in Sources */,
				8E81229925F3B81F00BE0448 /* CompassView.swift in Sources */,
				8E8E0876264EEFAC00AD0170 /* SearchBar.swift in Sources */,
				8EA08083260E988800C85F54 /* TripsView.swift in Sources */,
				8E1FA23B266CEE3F00226271 /* Trip.swift in Sources */,
				8EA08088260E989B00C85F54 /* MyTripsView.swift in Sources */,
				8E50CE6E25F3828B00346C08 /* SceneDelegate.swift in Sources */,
				8EA162722659312500857FC2 /* CompassLoading.swift in Sources */,
				8E50CE7025F3828B00346C08 /* ContentView.swift in Sources */,
				8E1FA239266C130400226271 /* Fetcher.swift in Sources */,
				8E5B2EC1265AC6DF00D3032A /* VistiOrder.swift in Sources */,
				8E8E0871264DA74A00AD0170 /* LocationService.swift in Sources */,
				8E1FA237266C106A00226271 /* ApiType.swift in Sources */,
				8E2CA7DB26190CD30009D572 /* Place.swift in Sources */,
				8EA080A22610B99200C85F54 /* PlacesCollectionLayout.swift in Sources */,
				8E1FA234266BF44E00226271 /* TripInfoView.swift in Sources */,
			);
			runOnlyForDeploymentPostprocessing = 0;
		};
		8E50CE7A25F3829700346C08 /* Sources */ = {
			isa = PBXSourcesBuildPhase;
			buildActionMask = 2147483647;
			files = (
				8E50CE8325F3829700346C08 /* TriperTests.swift in Sources */,
			);
			runOnlyForDeploymentPostprocessing = 0;
		};
		8E50CE8525F3829700346C08 /* Sources */ = {
			isa = PBXSourcesBuildPhase;
			buildActionMask = 2147483647;
			files = (
				8E50CE8E25F3829700346C08 /* TriperUITests.swift in Sources */,
			);
			runOnlyForDeploymentPostprocessing = 0;
		};
/* End PBXSourcesBuildPhase section */

/* Begin PBXTargetDependency section */
		8E50CE8025F3829700346C08 /* PBXTargetDependency */ = {
			isa = PBXTargetDependency;
			target = 8E50CE6725F3828B00346C08 /* Triper */;
			targetProxy = 8E50CE7F25F3829700346C08 /* PBXContainerItemProxy */;
		};
		8E50CE8B25F3829700346C08 /* PBXTargetDependency */ = {
			isa = PBXTargetDependency;
			target = 8E50CE6725F3828B00346C08 /* Triper */;
			targetProxy = 8E50CE8A25F3829700346C08 /* PBXContainerItemProxy */;
		};
/* End PBXTargetDependency section */

/* Begin PBXVariantGroup section */
		8E50CE7625F3829700346C08 /* LaunchScreen.storyboard */ = {
			isa = PBXVariantGroup;
			children = (
				8E50CE7725F3829700346C08 /* Base */,
			);
			name = LaunchScreen.storyboard;
			sourceTree = "<group>";
		};
/* End PBXVariantGroup section */

/* Begin XCBuildConfiguration section */
		8E50CE9025F3829700346C08 /* Debug */ = {
			isa = XCBuildConfiguration;
			buildSettings = {
				ALWAYS_SEARCH_USER_PATHS = NO;
				CLANG_ANALYZER_NONNULL = YES;
				CLANG_ANALYZER_NUMBER_OBJECT_CONVERSION = YES_AGGRESSIVE;
				CLANG_CXX_LANGUAGE_STANDARD = "gnu++14";
				CLANG_CXX_LIBRARY = "libc++";
				CLANG_ENABLE_MODULES = YES;
				CLANG_ENABLE_OBJC_ARC = YES;
				CLANG_ENABLE_OBJC_WEAK = YES;
				CLANG_WARN_BLOCK_CAPTURE_AUTORELEASING = YES;
				CLANG_WARN_BOOL_CONVERSION = YES;
				CLANG_WARN_COMMA = YES;
				CLANG_WARN_CONSTANT_CONVERSION = YES;
				CLANG_WARN_DEPRECATED_OBJC_IMPLEMENTATIONS = YES;
				CLANG_WARN_DIRECT_OBJC_ISA_USAGE = YES_ERROR;
				CLANG_WARN_DOCUMENTATION_COMMENTS = YES;
				CLANG_WARN_EMPTY_BODY = YES;
				CLANG_WARN_ENUM_CONVERSION = YES;
				CLANG_WARN_INFINITE_RECURSION = YES;
				CLANG_WARN_INT_CONVERSION = YES;
				CLANG_WARN_NON_LITERAL_NULL_CONVERSION = YES;
				CLANG_WARN_OBJC_IMPLICIT_RETAIN_SELF = YES;
				CLANG_WARN_OBJC_LITERAL_CONVERSION = YES;
				CLANG_WARN_OBJC_ROOT_CLASS = YES_ERROR;
				CLANG_WARN_QUOTED_INCLUDE_IN_FRAMEWORK_HEADER = YES;
				CLANG_WARN_RANGE_LOOP_ANALYSIS = YES;
				CLANG_WARN_STRICT_PROTOTYPES = YES;
				CLANG_WARN_SUSPICIOUS_MOVE = YES;
				CLANG_WARN_UNGUARDED_AVAILABILITY = YES_AGGRESSIVE;
				CLANG_WARN_UNREACHABLE_CODE = YES;
				CLANG_WARN__DUPLICATE_METHOD_MATCH = YES;
				COPY_PHASE_STRIP = NO;
				DEBUG_INFORMATION_FORMAT = dwarf;
				ENABLE_STRICT_OBJC_MSGSEND = YES;
				ENABLE_TESTABILITY = YES;
				GCC_C_LANGUAGE_STANDARD = gnu11;
				GCC_DYNAMIC_NO_PIC = NO;
				GCC_NO_COMMON_BLOCKS = YES;
				GCC_OPTIMIZATION_LEVEL = 0;
				GCC_PREPROCESSOR_DEFINITIONS = (
					"DEBUG=1",
					"$(inherited)",
				);
				GCC_WARN_64_TO_32_BIT_CONVERSION = YES;
				GCC_WARN_ABOUT_RETURN_TYPE = YES_ERROR;
				GCC_WARN_UNDECLARED_SELECTOR = YES;
				GCC_WARN_UNINITIALIZED_AUTOS = YES_AGGRESSIVE;
				GCC_WARN_UNUSED_FUNCTION = YES;
				GCC_WARN_UNUSED_VARIABLE = YES;
				IPHONEOS_DEPLOYMENT_TARGET = 14.1;
				MTL_ENABLE_DEBUG_INFO = INCLUDE_SOURCE;
				MTL_FAST_MATH = YES;
				ONLY_ACTIVE_ARCH = YES;
				SDKROOT = iphoneos;
				SWIFT_ACTIVE_COMPILATION_CONDITIONS = DEBUG;
				SWIFT_OPTIMIZATION_LEVEL = "-Onone";
			};
			name = Debug;
		};
		8E50CE9125F3829700346C08 /* Release */ = {
			isa = XCBuildConfiguration;
			buildSettings = {
				ALWAYS_SEARCH_USER_PATHS = NO;
				CLANG_ANALYZER_NONNULL = YES;
				CLANG_ANALYZER_NUMBER_OBJECT_CONVERSION = YES_AGGRESSIVE;
				CLANG_CXX_LANGUAGE_STANDARD = "gnu++14";
				CLANG_CXX_LIBRARY = "libc++";
				CLANG_ENABLE_MODULES = YES;
				CLANG_ENABLE_OBJC_ARC = YES;
				CLANG_ENABLE_OBJC_WEAK = YES;
				CLANG_WARN_BLOCK_CAPTURE_AUTORELEASING = YES;
				CLANG_WARN_BOOL_CONVERSION = YES;
				CLANG_WARN_COMMA = YES;
				CLANG_WARN_CONSTANT_CONVERSION = YES;
				CLANG_WARN_DEPRECATED_OBJC_IMPLEMENTATIONS = YES;
				CLANG_WARN_DIRECT_OBJC_ISA_USAGE = YES_ERROR;
				CLANG_WARN_DOCUMENTATION_COMMENTS = YES;
				CLANG_WARN_EMPTY_BODY = YES;
				CLANG_WARN_ENUM_CONVERSION = YES;
				CLANG_WARN_INFINITE_RECURSION = YES;
				CLANG_WARN_INT_CONVERSION = YES;
				CLANG_WARN_NON_LITERAL_NULL_CONVERSION = YES;
				CLANG_WARN_OBJC_IMPLICIT_RETAIN_SELF = YES;
				CLANG_WARN_OBJC_LITERAL_CONVERSION = YES;
				CLANG_WARN_OBJC_ROOT_CLASS = YES_ERROR;
				CLANG_WARN_QUOTED_INCLUDE_IN_FRAMEWORK_HEADER = YES;
				CLANG_WARN_RANGE_LOOP_ANALYSIS = YES;
				CLANG_WARN_STRICT_PROTOTYPES = YES;
				CLANG_WARN_SUSPICIOUS_MOVE = YES;
				CLANG_WARN_UNGUARDED_AVAILABILITY = YES_AGGRESSIVE;
				CLANG_WARN_UNREACHABLE_CODE = YES;
				CLANG_WARN__DUPLICATE_METHOD_MATCH = YES;
				COPY_PHASE_STRIP = NO;
				DEBUG_INFORMATION_FORMAT = "dwarf-with-dsym";
				ENABLE_NS_ASSERTIONS = NO;
				ENABLE_STRICT_OBJC_MSGSEND = YES;
				GCC_C_LANGUAGE_STANDARD = gnu11;
				GCC_NO_COMMON_BLOCKS = YES;
				GCC_WARN_64_TO_32_BIT_CONVERSION = YES;
				GCC_WARN_ABOUT_RETURN_TYPE = YES_ERROR;
				GCC_WARN_UNDECLARED_SELECTOR = YES;
				GCC_WARN_UNINITIALIZED_AUTOS = YES_AGGRESSIVE;
				GCC_WARN_UNUSED_FUNCTION = YES;
				GCC_WARN_UNUSED_VARIABLE = YES;
				IPHONEOS_DEPLOYMENT_TARGET = 14.1;
				MTL_ENABLE_DEBUG_INFO = NO;
				MTL_FAST_MATH = YES;
				SDKROOT = iphoneos;
				SWIFT_COMPILATION_MODE = wholemodule;
				SWIFT_OPTIMIZATION_LEVEL = "-O";
				VALIDATE_PRODUCT = YES;
			};
			name = Release;
		};
		8E50CE9325F3829700346C08 /* Debug */ = {
			isa = XCBuildConfiguration;
			buildSettings = {
				ASSETCATALOG_COMPILER_APPICON_NAME = AppIcon;
				ASSETCATALOG_COMPILER_GLOBAL_ACCENT_COLOR_NAME = AccentColor;
				CODE_SIGN_STYLE = Automatic;
				DEVELOPMENT_ASSET_PATHS = "\"Triper/Preview Content\"";
				DEVELOPMENT_TEAM = A84LK26878;
				ENABLE_PREVIEWS = YES;
				INFOPLIST_FILE = Triper/Info.plist;
				LD_RUNPATH_SEARCH_PATHS = (
					"$(inherited)",
					"@executable_path/Frameworks",
				);
				PRODUCT_BUNDLE_IDENTIFIER = com.rolfrider.Triper;
				PRODUCT_NAME = "$(TARGET_NAME)";
				SWIFT_VERSION = 5.0;
				TARGETED_DEVICE_FAMILY = "1,2";
			};
			name = Debug;
		};
		8E50CE9425F3829700346C08 /* Release */ = {
			isa = XCBuildConfiguration;
			buildSettings = {
				ASSETCATALOG_COMPILER_APPICON_NAME = AppIcon;
				ASSETCATALOG_COMPILER_GLOBAL_ACCENT_COLOR_NAME = AccentColor;
				CODE_SIGN_STYLE = Automatic;
				DEVELOPMENT_ASSET_PATHS = "\"Triper/Preview Content\"";
				DEVELOPMENT_TEAM = A84LK26878;
				ENABLE_PREVIEWS = YES;
				INFOPLIST_FILE = Triper/Info.plist;
				LD_RUNPATH_SEARCH_PATHS = (
					"$(inherited)",
					"@executable_path/Frameworks",
				);
				PRODUCT_BUNDLE_IDENTIFIER = com.rolfrider.Triper;
				PRODUCT_NAME = "$(TARGET_NAME)";
				SWIFT_VERSION = 5.0;
				TARGETED_DEVICE_FAMILY = "1,2";
			};
			name = Release;
		};
		8E50CE9625F3829700346C08 /* Debug */ = {
			isa = XCBuildConfiguration;
			buildSettings = {
				ALWAYS_EMBED_SWIFT_STANDARD_LIBRARIES = YES;
				BUNDLE_LOADER = "$(TEST_HOST)";
				CODE_SIGN_STYLE = Automatic;
				DEVELOPMENT_TEAM = A84LK26878;
				INFOPLIST_FILE = TriperTests/Info.plist;
				IPHONEOS_DEPLOYMENT_TARGET = 14.4;
				LD_RUNPATH_SEARCH_PATHS = (
					"$(inherited)",
					"@executable_path/Frameworks",
					"@loader_path/Frameworks",
				);
				PRODUCT_BUNDLE_IDENTIFIER = com.rolfrider.TriperTests;
				PRODUCT_NAME = "$(TARGET_NAME)";
				SWIFT_VERSION = 5.0;
				TARGETED_DEVICE_FAMILY = "1,2";
				TEST_HOST = "$(BUILT_PRODUCTS_DIR)/Triper.app/Triper";
			};
			name = Debug;
		};
		8E50CE9725F3829700346C08 /* Release */ = {
			isa = XCBuildConfiguration;
			buildSettings = {
				ALWAYS_EMBED_SWIFT_STANDARD_LIBRARIES = YES;
				BUNDLE_LOADER = "$(TEST_HOST)";
				CODE_SIGN_STYLE = Automatic;
				DEVELOPMENT_TEAM = A84LK26878;
				INFOPLIST_FILE = TriperTests/Info.plist;
				IPHONEOS_DEPLOYMENT_TARGET = 14.4;
				LD_RUNPATH_SEARCH_PATHS = (
					"$(inherited)",
					"@executable_path/Frameworks",
					"@loader_path/Frameworks",
				);
				PRODUCT_BUNDLE_IDENTIFIER = com.rolfrider.TriperTests;
				PRODUCT_NAME = "$(TARGET_NAME)";
				SWIFT_VERSION = 5.0;
				TARGETED_DEVICE_FAMILY = "1,2";
				TEST_HOST = "$(BUILT_PRODUCTS_DIR)/Triper.app/Triper";
			};
			name = Release;
		};
		8E50CE9925F3829700346C08 /* Debug */ = {
			isa = XCBuildConfiguration;
			buildSettings = {
				ALWAYS_EMBED_SWIFT_STANDARD_LIBRARIES = YES;
				CODE_SIGN_STYLE = Automatic;
				DEVELOPMENT_TEAM = A84LK26878;
				INFOPLIST_FILE = TriperUITests/Info.plist;
				LD_RUNPATH_SEARCH_PATHS = (
					"$(inherited)",
					"@executable_path/Frameworks",
					"@loader_path/Frameworks",
				);
				PRODUCT_BUNDLE_IDENTIFIER = com.rolfrider.TriperUITests;
				PRODUCT_NAME = "$(TARGET_NAME)";
				SWIFT_VERSION = 5.0;
				TARGETED_DEVICE_FAMILY = "1,2";
				TEST_TARGET_NAME = Triper;
			};
			name = Debug;
		};
		8E50CE9A25F3829700346C08 /* Release */ = {
			isa = XCBuildConfiguration;
			buildSettings = {
				ALWAYS_EMBED_SWIFT_STANDARD_LIBRARIES = YES;
				CODE_SIGN_STYLE = Automatic;
				DEVELOPMENT_TEAM = A84LK26878;
				INFOPLIST_FILE = TriperUITests/Info.plist;
				LD_RUNPATH_SEARCH_PATHS = (
					"$(inherited)",
					"@executable_path/Frameworks",
					"@loader_path/Frameworks",
				);
				PRODUCT_BUNDLE_IDENTIFIER = com.rolfrider.TriperUITests;
				PRODUCT_NAME = "$(TARGET_NAME)";
				SWIFT_VERSION = 5.0;
				TARGETED_DEVICE_FAMILY = "1,2";
				TEST_TARGET_NAME = Triper;
			};
			name = Release;
		};
/* End XCBuildConfiguration section */

/* Begin XCConfigurationList section */
		8E50CE6325F3828B00346C08 /* Build configuration list for PBXProject "Triper" */ = {
			isa = XCConfigurationList;
			buildConfigurations = (
				8E50CE9025F3829700346C08 /* Debug */,
				8E50CE9125F3829700346C08 /* Release */,
			);
			defaultConfigurationIsVisible = 0;
			defaultConfigurationName = Release;
		};
		8E50CE9225F3829700346C08 /* Build configuration list for PBXNativeTarget "Triper" */ = {
			isa = XCConfigurationList;
			buildConfigurations = (
				8E50CE9325F3829700346C08 /* Debug */,
				8E50CE9425F3829700346C08 /* Release */,
			);
			defaultConfigurationIsVisible = 0;
			defaultConfigurationName = Release;
		};
		8E50CE9525F3829700346C08 /* Build configuration list for PBXNativeTarget "TriperTests" */ = {
			isa = XCConfigurationList;
			buildConfigurations = (
				8E50CE9625F3829700346C08 /* Debug */,
				8E50CE9725F3829700346C08 /* Release */,
			);
			defaultConfigurationIsVisible = 0;
			defaultConfigurationName = Release;
		};
		8E50CE9825F3829700346C08 /* Build configuration list for PBXNativeTarget "TriperUITests" */ = {
			isa = XCConfigurationList;
			buildConfigurations = (
				8E50CE9925F3829700346C08 /* Debug */,
				8E50CE9A25F3829700346C08 /* Release */,
			);
			defaultConfigurationIsVisible = 0;
			defaultConfigurationName = Release;
		};
/* End XCConfigurationList section */
	};
	rootObject = 8E50CE6025F3828B00346C08 /* Project object */;
}
